
Microsoft Visual Studio Solution File, Format Version 12.00
# Visual Studio 14
VisualStudioVersion = 14.0.24720.0
MinimumVisualStudioVersion = 10.0.40219.1
Project("{8BC9CEB8-8B4A-11D0-8D11-00A0C91BC942}") = "bank_account_actions", "bank_account_actions\bank_account_actions.vcxproj", "{8F94089F-721F-4EB4-8070-F115374E84CE}"
EndProject
Project("{8BC9CEB8-8B4A-11D0-8D11-00A0C91BC942}") = "bank_entitycomponent", "bank_entitycomponent\bank_entitycomponent.vcxproj", "{732FCB32-1D0A-4FE7-BFD2-1AAB9261AD95}"
EndProject
Project("{8BC9CEB8-8B4A-11D0-8D11-00A0C91BC942}") = "bank_currency", "bank_currency\bank_currency.vcxproj", "{1BE04035-C4F9-4480-9F72-0954226CDCE8}"
EndProject
Project("{8BC9CEB8-8B4A-11D0-8D11-00A0C91BC942}") = "bank_customers", "bank_customers\bank_customers.vcxproj", "{D58CA75A-BC44-4BF7-A0FF-F5210E2204CE}"
EndProject
Project("{2150E333-8FDC-42A3-9474-1A3956D46DE8}") = "Solution Items", "Solution Items", "{26B6432C-F8D0-4BAB-B12E-3816C2F64286}"
	ProjectSection(SolutionItems) = preProject
		.gitignore = .gitignore
	EndProjectSection
EndProject
Project("{8BC9CEB8-8B4A-11D0-8D11-00A0C91BC942}") = "bank_accounts", "bank_accounts\bank_accounts.vcxproj", "{D995DC86-1952-40F7-9630-76C36A83B3E5}"
EndProject
Project("{8BC9CEB8-8B4A-11D0-8D11-00A0C91BC942}") = "test_bank_customers", "test_bank_customers\test_bank_customers.vcxproj", "{EC33A9EC-905A-4B7C-A129-D15B58004B0E}"
EndProject
Global
	GlobalSection(SolutionConfigurationPlatforms) = preSolution
		Debug|x64 = Debug|x64
		Debug|x86 = Debug|x86
		Release|x64 = Release|x64
		Release|x86 = Release|x86
	EndGlobalSection
	GlobalSection(ProjectConfigurationPlatforms) = postSolution
		{8F94089F-721F-4EB4-8070-F115374E84CE}.Debug|x64.ActiveCfg = Debug|x64
		{8F94089F-721F-4EB4-8070-F115374E84CE}.Debug|x64.Build.0 = Debug|x64
		{8F94089F-721F-4EB4-8070-F115374E84CE}.Debug|x86.ActiveCfg = Debug|Win32
		{8F94089F-721F-4EB4-8070-F115374E84CE}.Debug|x86.Build.0 = Debug|Win32
		{8F94089F-721F-4EB4-8070-F115374E84CE}.Release|x64.ActiveCfg = Release|x64
		{8F94089F-721F-4EB4-8070-F115374E84CE}.Release|x64.Build.0 = Release|x64
		{8F94089F-721F-4EB4-8070-F115374E84CE}.Release|x86.ActiveCfg = Release|Win32
		{8F94089F-721F-4EB4-8070-F115374E84CE}.Release|x86.Build.0 = Release|Win32
		{732FCB32-1D0A-4FE7-BFD2-1AAB9261AD95}.Debug|x64.ActiveCfg = Debug|x64
		{732FCB32-1D0A-4FE7-BFD2-1AAB9261AD95}.Debug|x64.Build.0 = Debug|x64
		{732FCB32-1D0A-4FE7-BFD2-1AAB9261AD95}.Debug|x86.ActiveCfg = Debug|Win32
		{732FCB32-1D0A-4FE7-BFD2-1AAB9261AD95}.Debug|x86.Build.0 = Debug|Win32
		{732FCB32-1D0A-4FE7-BFD2-1AAB9261AD95}.Release|x64.ActiveCfg = Release|x64
		{732FCB32-1D0A-4FE7-BFD2-1AAB9261AD95}.Release|x64.Build.0 = Release|x64
		{732FCB32-1D0A-4FE7-BFD2-1AAB9261AD95}.Release|x86.ActiveCfg = Release|Win32
		{732FCB32-1D0A-4FE7-BFD2-1AAB9261AD95}.Release|x86.Build.0 = Release|Win32
		{1BE04035-C4F9-4480-9F72-0954226CDCE8}.Debug|x64.ActiveCfg = Debug|x64
		{1BE04035-C4F9-4480-9F72-0954226CDCE8}.Debug|x64.Build.0 = Debug|x64
		{1BE04035-C4F9-4480-9F72-0954226CDCE8}.Debug|x86.ActiveCfg = Debug|Win32
		{1BE04035-C4F9-4480-9F72-0954226CDCE8}.Debug|x86.Build.0 = Debug|Win32
		{1BE04035-C4F9-4480-9F72-0954226CDCE8}.Release|x64.ActiveCfg = Release|x64
		{1BE04035-C4F9-4480-9F72-0954226CDCE8}.Release|x64.Build.0 = Release|x64
		{1BE04035-C4F9-4480-9F72-0954226CDCE8}.Release|x86.ActiveCfg = Release|Win32
		{1BE04035-C4F9-4480-9F72-0954226CDCE8}.Release|x86.Build.0 = Release|Win32
		{D58CA75A-BC44-4BF7-A0FF-F5210E2204CE}.Debug|x64.ActiveCfg = Debug|x64
		{D58CA75A-BC44-4BF7-A0FF-F5210E2204CE}.Debug|x64.Build.0 = Debug|x64
		{D58CA75A-BC44-4BF7-A0FF-F5210E2204CE}.Debug|x86.ActiveCfg = Debug|Win32
		{D58CA75A-BC44-4BF7-A0FF-F5210E2204CE}.Debug|x86.Build.0 = Debug|Win32
		{D58CA75A-BC44-4BF7-A0FF-F5210E2204CE}.Release|x64.ActiveCfg = Release|x64
		{D58CA75A-BC44-4BF7-A0FF-F5210E2204CE}.Release|x64.Build.0 = Release|x64
		{D58CA75A-BC44-4BF7-A0FF-F5210E2204CE}.Release|x86.ActiveCfg = Release|Win32
		{D58CA75A-BC44-4BF7-A0FF-F5210E2204CE}.Release|x86.Build.0 = Release|Win32
		{D995DC86-1952-40F7-9630-76C36A83B3E5}.Debug|x64.ActiveCfg = Debug|x64
		{D995DC86-1952-40F7-9630-76C36A83B3E5}.Debug|x64.Build.0 = Debug|x64
		{D995DC86-1952-40F7-9630-76C36A83B3E5}.Debug|x86.ActiveCfg = Debug|Win32
		{D995DC86-1952-40F7-9630-76C36A83B3E5}.Debug|x86.Build.0 = Debug|Win32
		{D995DC86-1952-40F7-9630-76C36A83B3E5}.Release|x64.ActiveCfg = Release|x64
		{D995DC86-1952-40F7-9630-76C36A83B3E5}.Release|x64.Build.0 = Release|x64
		{D995DC86-1952-40F7-9630-76C36A83B3E5}.Release|x86.ActiveCfg = Release|Win32
		{D995DC86-1952-40F7-9630-76C36A83B3E5}.Release|x86.Build.0 = Release|Win32
		{EC33A9EC-905A-4B7C-A129-D15B58004B0E}.Debug|x64.ActiveCfg = Debug|x64
		{EC33A9EC-905A-4B7C-A129-D15B58004B0E}.Debug|x64.Build.0 = Debug|x64
		{EC33A9EC-905A-4B7C-A129-D15B58004B0E}.Debug|x86.ActiveCfg = Debug|Win32
		{EC33A9EC-905A-4B7C-A129-D15B58004B0E}.Debug|x86.Build.0 = Debug|Win32
		{EC33A9EC-905A-4B7C-A129-D15B58004B0E}.Release|x64.ActiveCfg = Release|x64
		{EC33A9EC-905A-4B7C-A129-D15B58004B0E}.Release|x64.Build.0 = Release|x64
		{EC33A9EC-905A-4B7C-A129-D15B58004B0E}.Release|x86.ActiveCfg = Release|Win32
		{EC33A9EC-905A-4B7C-A129-D15B58004B0E}.Release|x86.Build.0 = Release|Win32
	EndGlobalSection
	GlobalSection(SolutionProperties) = preSolution
		HideSolutionNode = FALSE
	EndGlobalSection
EndGlobal
