
Microsoft Visual Studio Solution File, Format Version 12.00
# Visual Studio 14
VisualStudioVersion = 14.0.24720.0
MinimumVisualStudioVersion = 10.0.40219.1
Project("{8BC9CEB8-8B4A-11D0-8D11-00A0C91BC942}") = "bank_account_actions", "bank_account_actions\bank_account_actions.vcxproj", "{8F94089F-721F-4EB4-8070-F115374E84CE}"
	ProjectSection(ProjectDependencies) = postProject
		{732FCB32-1D0A-4FE7-BFD2-1AAB9261AD95} = {732FCB32-1D0A-4FE7-BFD2-1AAB9261AD95}
	EndProjectSection
EndProject
Project("{8BC9CEB8-8B4A-11D0-8D11-00A0C91BC942}") = "bank_entitycomponent", "bank_entitycomponent\bank_entitycomponent.vcxproj", "{732FCB32-1D0A-4FE7-BFD2-1AAB9261AD95}"
EndProject
Project("{8BC9CEB8-8B4A-11D0-8D11-00A0C91BC942}") = "bank_currency", "bank_currency\bank_currency.vcxproj", "{1BE04035-C4F9-4480-9F72-0954226CDCE8}"
	ProjectSection(ProjectDependencies) = postProject
		{732FCB32-1D0A-4FE7-BFD2-1AAB9261AD95} = {732FCB32-1D0A-4FE7-BFD2-1AAB9261AD95}
	EndProjectSection
EndProject
Project("{8BC9CEB8-8B4A-11D0-8D11-00A0C91BC942}") = "bank_customers", "bank_customers\bank_customers.vcxproj", "{D58CA75A-BC44-4BF7-A0FF-F5210E2204CE}"
	ProjectSection(ProjectDependencies) = postProject
		{732FCB32-1D0A-4FE7-BFD2-1AAB9261AD95} = {732FCB32-1D0A-4FE7-BFD2-1AAB9261AD95}
	EndProjectSection
EndProject
Project("{2150E333-8FDC-42A3-9474-1A3956D46DE8}") = "Solution Items", "Solution Items", "{26B6432C-F8D0-4BAB-B12E-3816C2F64286}"
	ProjectSection(SolutionItems) = preProject
		.gitignore = .gitignore
	EndProjectSection
EndProject
Project("{8BC9CEB8-8B4A-11D0-8D11-00A0C91BC942}") = "bank_accounts", "bank_accounts\bank_accounts.vcxproj", "{D995DC86-1952-40F7-9630-76C36A83B3E5}"
	ProjectSection(ProjectDependencies) = postProject
		{732FCB32-1D0A-4FE7-BFD2-1AAB9261AD95} = {732FCB32-1D0A-4FE7-BFD2-1AAB9261AD95}
	EndProjectSection
EndProject
Project("{8BC9CEB8-8B4A-11D0-8D11-00A0C91BC942}") = "test_bank_customers", "test_bank_customers\test_bank_customers.vcxproj", "{EC33A9EC-905A-4B7C-A129-D15B58004B0E}"
	ProjectSection(ProjectDependencies) = postProject
		{732FCB32-1D0A-4FE7-BFD2-1AAB9261AD95} = {732FCB32-1D0A-4FE7-BFD2-1AAB9261AD95}
		{D58CA75A-BC44-4BF7-A0FF-F5210E2204CE} = {D58CA75A-BC44-4BF7-A0FF-F5210E2204CE}
	EndProjectSection
EndProject
Project("{8BC9CEB8-8B4A-11D0-8D11-00A0C91BC942}") = "test_bank_accounts", "test_bank_accounts\test_bank_accounts.vcxproj", "{5B6BA97F-7554-4890-B72D-CDE6DC405F04}"
	ProjectSection(ProjectDependencies) = postProject
		{732FCB32-1D0A-4FE7-BFD2-1AAB9261AD95} = {732FCB32-1D0A-4FE7-BFD2-1AAB9261AD95}
		{D995DC86-1952-40F7-9630-76C36A83B3E5} = {D995DC86-1952-40F7-9630-76C36A83B3E5}
	EndProjectSection
EndProject
Project("{8BC9CEB8-8B4A-11D0-8D11-00A0C91BC942}") = "test_bank_account_actions", "test_bank_account_actions\test_bank_account_actions.vcxproj", "{633DA0C5-6194-4D53-8736-C3AEA9D0B68A}"
	ProjectSection(ProjectDependencies) = postProject
		{732FCB32-1D0A-4FE7-BFD2-1AAB9261AD95} = {732FCB32-1D0A-4FE7-BFD2-1AAB9261AD95}
		{8F94089F-721F-4EB4-8070-F115374E84CE} = {8F94089F-721F-4EB4-8070-F115374E84CE}
	EndProjectSection
EndProject
Project("{8BC9CEB8-8B4A-11D0-8D11-00A0C91BC942}") = "test_bank_currency", "test_bank_currency\test_bank_currency.vcxproj", "{E776AC9F-1F97-4EEA-AF41-52B2D0D0E279}"
	ProjectSection(ProjectDependencies) = postProject
		{732FCB32-1D0A-4FE7-BFD2-1AAB9261AD95} = {732FCB32-1D0A-4FE7-BFD2-1AAB9261AD95}
		{1BE04035-C4F9-4480-9F72-0954226CDCE8} = {1BE04035-C4F9-4480-9F72-0954226CDCE8}
	EndProjectSection
EndProject
Project("{8BC9CEB8-8B4A-11D0-8D11-00A0C91BC942}") = "test_bank_entitycomponent", "test_bank_entitycomponent\test_bank_entitycomponent.vcxproj", "{8D155C1D-CDF2-4EBF-ADB9-B560CB33A117}"
	ProjectSection(ProjectDependencies) = postProject
		{732FCB32-1D0A-4FE7-BFD2-1AAB9261AD95} = {732FCB32-1D0A-4FE7-BFD2-1AAB9261AD95}
	EndProjectSection
EndProject
Project("{FAE04EC0-301F-11D3-BF4B-00C04F79EFBC}") = "____tobi_test_assembly", "____tobi_test_assembly\____tobi_test_assembly.csproj", "{6266A49B-9A0F-4775-85DF-7D8E24C5A5C1}"
EndProject
Project("{FAE04EC0-301F-11D3-BF4B-00C04F79EFBC}") = "Assembly_OwnDLLs_Customers", "Assembly_OwnDLLs_Customers\Assembly_OwnDLLs_Customers.csproj", "{FEE49A55-0877-4F16-96B8-ED2B0381E5A5}"
EndProject
Project("{FAE04EC0-301F-11D3-BF4B-00C04F79EFBC}") = "Assembly_OwnDLLs_Accounts", "Assembly_OwnDLLs_Accounts\Assembly_OwnDLLs_Accounts.csproj", "{C8767103-B338-45CD-9D35-BA429F2402B5}"
EndProject
Project("{FAE04EC0-301F-11D3-BF4B-00C04F79EFBC}") = "Assembly_ExternDLLs_Customers", "Assembly_ExternDLLs_Customers\Assembly_ExternDLLs_Customers.csproj", "{E899E73A-4CB4-42CE-946C-55E888FD4246}"
EndProject
Project("{FAE04EC0-301F-11D3-BF4B-00C04F79EFBC}") = "Assembly_ExternDLLs_Accounts", "Assembly_ExternDLLs_Accounts\Assembly_ExternDLLs_Accounts.csproj", "{474C501A-E5E2-4614-A90C-270127DA6A47}"
EndProject
Project("{FAE04EC0-301F-11D3-BF4B-00C04F79EFBC}") = "Assembly_OwnDLLs_AccountActions", "Assembly_OwnDLLs_AccountActions\Assembly_OwnDLLs_AccountActions.csproj", "{3EB93A62-A662-4069-AFB9-C1ACE9D476FD}"
EndProject
Project("{FAE04EC0-301F-11D3-BF4B-00C04F79EFBC}") = "Assembly_ExternDLLs_AccountActions", "Assembly_ExternDLLs_AccountActions\Assembly_ExternDLLs_AccountActions.csproj", "{026766B7-85B4-471E-B983-17EDADF094E2}"
EndProject
Project("{FAE04EC0-301F-11D3-BF4B-00C04F79EFBC}") = "BankApplication", "BankApplication\BankApplication.csproj", "{15A0BF14-AA6F-4C18-9391-3B95D4643A3B}"
EndProject
Global
	GlobalSection(SolutionConfigurationPlatforms) = preSolution
		Debug|Any CPU = Debug|Any CPU
		Debug|x64 = Debug|x64
		Debug|x86 = Debug|x86
		Release|Any CPU = Release|Any CPU
		Release|x64 = Release|x64
		Release|x86 = Release|x86
	EndGlobalSection
	GlobalSection(ProjectConfigurationPlatforms) = postSolution
		{8F94089F-721F-4EB4-8070-F115374E84CE}.Debug|Any CPU.ActiveCfg = Debug|Win32
		{8F94089F-721F-4EB4-8070-F115374E84CE}.Debug|x64.ActiveCfg = Debug|x64
		{8F94089F-721F-4EB4-8070-F115374E84CE}.Debug|x64.Build.0 = Debug|x64
		{8F94089F-721F-4EB4-8070-F115374E84CE}.Debug|x86.ActiveCfg = Debug|Win32
		{8F94089F-721F-4EB4-8070-F115374E84CE}.Debug|x86.Build.0 = Debug|Win32
		{8F94089F-721F-4EB4-8070-F115374E84CE}.Release|Any CPU.ActiveCfg = Release|Win32
		{8F94089F-721F-4EB4-8070-F115374E84CE}.Release|x64.ActiveCfg = Release|x64
		{8F94089F-721F-4EB4-8070-F115374E84CE}.Release|x64.Build.0 = Release|x64
		{8F94089F-721F-4EB4-8070-F115374E84CE}.Release|x86.ActiveCfg = Release|Win32
		{8F94089F-721F-4EB4-8070-F115374E84CE}.Release|x86.Build.0 = Release|Win32
		{732FCB32-1D0A-4FE7-BFD2-1AAB9261AD95}.Debug|Any CPU.ActiveCfg = Debug|Win32
		{732FCB32-1D0A-4FE7-BFD2-1AAB9261AD95}.Debug|x64.ActiveCfg = Debug|x64
		{732FCB32-1D0A-4FE7-BFD2-1AAB9261AD95}.Debug|x64.Build.0 = Debug|x64
		{732FCB32-1D0A-4FE7-BFD2-1AAB9261AD95}.Debug|x86.ActiveCfg = Debug|Win32
		{732FCB32-1D0A-4FE7-BFD2-1AAB9261AD95}.Debug|x86.Build.0 = Debug|Win32
		{732FCB32-1D0A-4FE7-BFD2-1AAB9261AD95}.Release|Any CPU.ActiveCfg = Release|Win32
		{732FCB32-1D0A-4FE7-BFD2-1AAB9261AD95}.Release|x64.ActiveCfg = Release|x64
		{732FCB32-1D0A-4FE7-BFD2-1AAB9261AD95}.Release|x64.Build.0 = Release|x64
		{732FCB32-1D0A-4FE7-BFD2-1AAB9261AD95}.Release|x86.ActiveCfg = Release|Win32
		{732FCB32-1D0A-4FE7-BFD2-1AAB9261AD95}.Release|x86.Build.0 = Release|Win32
		{1BE04035-C4F9-4480-9F72-0954226CDCE8}.Debug|Any CPU.ActiveCfg = Debug|Win32
		{1BE04035-C4F9-4480-9F72-0954226CDCE8}.Debug|x64.ActiveCfg = Debug|x64
		{1BE04035-C4F9-4480-9F72-0954226CDCE8}.Debug|x64.Build.0 = Debug|x64
		{1BE04035-C4F9-4480-9F72-0954226CDCE8}.Debug|x86.ActiveCfg = Debug|Win32
		{1BE04035-C4F9-4480-9F72-0954226CDCE8}.Debug|x86.Build.0 = Debug|Win32
		{1BE04035-C4F9-4480-9F72-0954226CDCE8}.Release|Any CPU.ActiveCfg = Release|Win32
		{1BE04035-C4F9-4480-9F72-0954226CDCE8}.Release|x64.ActiveCfg = Release|x64
		{1BE04035-C4F9-4480-9F72-0954226CDCE8}.Release|x64.Build.0 = Release|x64
		{1BE04035-C4F9-4480-9F72-0954226CDCE8}.Release|x86.ActiveCfg = Release|Win32
		{1BE04035-C4F9-4480-9F72-0954226CDCE8}.Release|x86.Build.0 = Release|Win32
		{D58CA75A-BC44-4BF7-A0FF-F5210E2204CE}.Debug|Any CPU.ActiveCfg = Debug|Win32
		{D58CA75A-BC44-4BF7-A0FF-F5210E2204CE}.Debug|x64.ActiveCfg = Debug|x64
		{D58CA75A-BC44-4BF7-A0FF-F5210E2204CE}.Debug|x64.Build.0 = Debug|x64
		{D58CA75A-BC44-4BF7-A0FF-F5210E2204CE}.Debug|x86.ActiveCfg = Debug|Win32
		{D58CA75A-BC44-4BF7-A0FF-F5210E2204CE}.Debug|x86.Build.0 = Debug|Win32
		{D58CA75A-BC44-4BF7-A0FF-F5210E2204CE}.Release|Any CPU.ActiveCfg = Release|Win32
		{D58CA75A-BC44-4BF7-A0FF-F5210E2204CE}.Release|x64.ActiveCfg = Release|x64
		{D58CA75A-BC44-4BF7-A0FF-F5210E2204CE}.Release|x64.Build.0 = Release|x64
		{D58CA75A-BC44-4BF7-A0FF-F5210E2204CE}.Release|x86.ActiveCfg = Release|Win32
		{D58CA75A-BC44-4BF7-A0FF-F5210E2204CE}.Release|x86.Build.0 = Release|Win32
		{D995DC86-1952-40F7-9630-76C36A83B3E5}.Debug|Any CPU.ActiveCfg = Debug|Win32
		{D995DC86-1952-40F7-9630-76C36A83B3E5}.Debug|x64.ActiveCfg = Debug|x64
		{D995DC86-1952-40F7-9630-76C36A83B3E5}.Debug|x64.Build.0 = Debug|x64
		{D995DC86-1952-40F7-9630-76C36A83B3E5}.Debug|x86.ActiveCfg = Debug|Win32
		{D995DC86-1952-40F7-9630-76C36A83B3E5}.Debug|x86.Build.0 = Debug|Win32
		{D995DC86-1952-40F7-9630-76C36A83B3E5}.Release|Any CPU.ActiveCfg = Release|Win32
		{D995DC86-1952-40F7-9630-76C36A83B3E5}.Release|x64.ActiveCfg = Release|x64
		{D995DC86-1952-40F7-9630-76C36A83B3E5}.Release|x64.Build.0 = Release|x64
		{D995DC86-1952-40F7-9630-76C36A83B3E5}.Release|x86.ActiveCfg = Release|Win32
		{D995DC86-1952-40F7-9630-76C36A83B3E5}.Release|x86.Build.0 = Release|Win32
		{EC33A9EC-905A-4B7C-A129-D15B58004B0E}.Debug|Any CPU.ActiveCfg = Debug|Win32
		{EC33A9EC-905A-4B7C-A129-D15B58004B0E}.Debug|x64.ActiveCfg = Debug|x64
		{EC33A9EC-905A-4B7C-A129-D15B58004B0E}.Debug|x64.Build.0 = Debug|x64
		{EC33A9EC-905A-4B7C-A129-D15B58004B0E}.Debug|x86.ActiveCfg = Debug|Win32
		{EC33A9EC-905A-4B7C-A129-D15B58004B0E}.Debug|x86.Build.0 = Debug|Win32
		{EC33A9EC-905A-4B7C-A129-D15B58004B0E}.Release|Any CPU.ActiveCfg = Release|Win32
		{EC33A9EC-905A-4B7C-A129-D15B58004B0E}.Release|x64.ActiveCfg = Release|x64
		{EC33A9EC-905A-4B7C-A129-D15B58004B0E}.Release|x64.Build.0 = Release|x64
		{EC33A9EC-905A-4B7C-A129-D15B58004B0E}.Release|x86.ActiveCfg = Release|Win32
		{EC33A9EC-905A-4B7C-A129-D15B58004B0E}.Release|x86.Build.0 = Release|Win32
		{5B6BA97F-7554-4890-B72D-CDE6DC405F04}.Debug|Any CPU.ActiveCfg = Debug|Win32
		{5B6BA97F-7554-4890-B72D-CDE6DC405F04}.Debug|x64.ActiveCfg = Debug|x64
		{5B6BA97F-7554-4890-B72D-CDE6DC405F04}.Debug|x64.Build.0 = Debug|x64
		{5B6BA97F-7554-4890-B72D-CDE6DC405F04}.Debug|x86.ActiveCfg = Debug|Win32
		{5B6BA97F-7554-4890-B72D-CDE6DC405F04}.Debug|x86.Build.0 = Debug|Win32
		{5B6BA97F-7554-4890-B72D-CDE6DC405F04}.Release|Any CPU.ActiveCfg = Release|Win32
		{5B6BA97F-7554-4890-B72D-CDE6DC405F04}.Release|x64.ActiveCfg = Release|x64
		{5B6BA97F-7554-4890-B72D-CDE6DC405F04}.Release|x64.Build.0 = Release|x64
		{5B6BA97F-7554-4890-B72D-CDE6DC405F04}.Release|x86.ActiveCfg = Release|Win32
		{5B6BA97F-7554-4890-B72D-CDE6DC405F04}.Release|x86.Build.0 = Release|Win32
		{633DA0C5-6194-4D53-8736-C3AEA9D0B68A}.Debug|Any CPU.ActiveCfg = Debug|Win32
		{633DA0C5-6194-4D53-8736-C3AEA9D0B68A}.Debug|x64.ActiveCfg = Debug|x64
		{633DA0C5-6194-4D53-8736-C3AEA9D0B68A}.Debug|x64.Build.0 = Debug|x64
		{633DA0C5-6194-4D53-8736-C3AEA9D0B68A}.Debug|x86.ActiveCfg = Debug|Win32
		{633DA0C5-6194-4D53-8736-C3AEA9D0B68A}.Debug|x86.Build.0 = Debug|Win32
		{633DA0C5-6194-4D53-8736-C3AEA9D0B68A}.Release|Any CPU.ActiveCfg = Release|Win32
		{633DA0C5-6194-4D53-8736-C3AEA9D0B68A}.Release|x64.ActiveCfg = Release|x64
		{633DA0C5-6194-4D53-8736-C3AEA9D0B68A}.Release|x64.Build.0 = Release|x64
		{633DA0C5-6194-4D53-8736-C3AEA9D0B68A}.Release|x86.ActiveCfg = Release|Win32
		{633DA0C5-6194-4D53-8736-C3AEA9D0B68A}.Release|x86.Build.0 = Release|Win32
		{E776AC9F-1F97-4EEA-AF41-52B2D0D0E279}.Debug|Any CPU.ActiveCfg = Debug|Win32
		{E776AC9F-1F97-4EEA-AF41-52B2D0D0E279}.Debug|x64.ActiveCfg = Debug|x64
		{E776AC9F-1F97-4EEA-AF41-52B2D0D0E279}.Debug|x64.Build.0 = Debug|x64
		{E776AC9F-1F97-4EEA-AF41-52B2D0D0E279}.Debug|x86.ActiveCfg = Debug|Win32
		{E776AC9F-1F97-4EEA-AF41-52B2D0D0E279}.Debug|x86.Build.0 = Debug|Win32
		{E776AC9F-1F97-4EEA-AF41-52B2D0D0E279}.Release|Any CPU.ActiveCfg = Release|Win32
		{E776AC9F-1F97-4EEA-AF41-52B2D0D0E279}.Release|x64.ActiveCfg = Release|x64
		{E776AC9F-1F97-4EEA-AF41-52B2D0D0E279}.Release|x64.Build.0 = Release|x64
		{E776AC9F-1F97-4EEA-AF41-52B2D0D0E279}.Release|x86.ActiveCfg = Release|Win32
		{E776AC9F-1F97-4EEA-AF41-52B2D0D0E279}.Release|x86.Build.0 = Release|Win32
		{8D155C1D-CDF2-4EBF-ADB9-B560CB33A117}.Debug|Any CPU.ActiveCfg = Debug|Win32
		{8D155C1D-CDF2-4EBF-ADB9-B560CB33A117}.Debug|x64.ActiveCfg = Debug|x64
		{8D155C1D-CDF2-4EBF-ADB9-B560CB33A117}.Debug|x64.Build.0 = Debug|x64
		{8D155C1D-CDF2-4EBF-ADB9-B560CB33A117}.Debug|x86.ActiveCfg = Debug|Win32
		{8D155C1D-CDF2-4EBF-ADB9-B560CB33A117}.Debug|x86.Build.0 = Debug|Win32
		{8D155C1D-CDF2-4EBF-ADB9-B560CB33A117}.Release|Any CPU.ActiveCfg = Release|Win32
		{8D155C1D-CDF2-4EBF-ADB9-B560CB33A117}.Release|x64.ActiveCfg = Release|x64
		{8D155C1D-CDF2-4EBF-ADB9-B560CB33A117}.Release|x64.Build.0 = Release|x64
		{8D155C1D-CDF2-4EBF-ADB9-B560CB33A117}.Release|x86.ActiveCfg = Release|Win32
		{8D155C1D-CDF2-4EBF-ADB9-B560CB33A117}.Release|x86.Build.0 = Release|Win32
		{6266A49B-9A0F-4775-85DF-7D8E24C5A5C1}.Debug|Any CPU.ActiveCfg = Debug|Any CPU
		{6266A49B-9A0F-4775-85DF-7D8E24C5A5C1}.Debug|Any CPU.Build.0 = Debug|Any CPU
		{6266A49B-9A0F-4775-85DF-7D8E24C5A5C1}.Debug|x64.ActiveCfg = Debug|Any CPU
		{6266A49B-9A0F-4775-85DF-7D8E24C5A5C1}.Debug|x64.Build.0 = Debug|Any CPU
		{6266A49B-9A0F-4775-85DF-7D8E24C5A5C1}.Debug|x86.ActiveCfg = Debug|Any CPU
		{6266A49B-9A0F-4775-85DF-7D8E24C5A5C1}.Debug|x86.Build.0 = Debug|Any CPU
		{6266A49B-9A0F-4775-85DF-7D8E24C5A5C1}.Release|Any CPU.ActiveCfg = Release|Any CPU
		{6266A49B-9A0F-4775-85DF-7D8E24C5A5C1}.Release|Any CPU.Build.0 = Release|Any CPU
		{6266A49B-9A0F-4775-85DF-7D8E24C5A5C1}.Release|x64.ActiveCfg = Release|Any CPU
		{6266A49B-9A0F-4775-85DF-7D8E24C5A5C1}.Release|x64.Build.0 = Release|Any CPU
		{6266A49B-9A0F-4775-85DF-7D8E24C5A5C1}.Release|x86.ActiveCfg = Release|Any CPU
		{6266A49B-9A0F-4775-85DF-7D8E24C5A5C1}.Release|x86.Build.0 = Release|Any CPU
		{FEE49A55-0877-4F16-96B8-ED2B0381E5A5}.Debug|Any CPU.ActiveCfg = Debug|Any CPU
		{FEE49A55-0877-4F16-96B8-ED2B0381E5A5}.Debug|Any CPU.Build.0 = Debug|Any CPU
		{FEE49A55-0877-4F16-96B8-ED2B0381E5A5}.Debug|x64.ActiveCfg = Debug|Any CPU
		{FEE49A55-0877-4F16-96B8-ED2B0381E5A5}.Debug|x64.Build.0 = Debug|Any CPU
		{FEE49A55-0877-4F16-96B8-ED2B0381E5A5}.Debug|x86.ActiveCfg = Debug|Any CPU
		{FEE49A55-0877-4F16-96B8-ED2B0381E5A5}.Debug|x86.Build.0 = Debug|Any CPU
		{FEE49A55-0877-4F16-96B8-ED2B0381E5A5}.Release|Any CPU.ActiveCfg = Release|Any CPU
		{FEE49A55-0877-4F16-96B8-ED2B0381E5A5}.Release|Any CPU.Build.0 = Release|Any CPU
		{FEE49A55-0877-4F16-96B8-ED2B0381E5A5}.Release|x64.ActiveCfg = Release|Any CPU
		{FEE49A55-0877-4F16-96B8-ED2B0381E5A5}.Release|x64.Build.0 = Release|Any CPU
		{FEE49A55-0877-4F16-96B8-ED2B0381E5A5}.Release|x86.ActiveCfg = Release|Any CPU
		{FEE49A55-0877-4F16-96B8-ED2B0381E5A5}.Release|x86.Build.0 = Release|Any CPU
		{C8767103-B338-45CD-9D35-BA429F2402B5}.Debug|Any CPU.ActiveCfg = Debug|Any CPU
		{C8767103-B338-45CD-9D35-BA429F2402B5}.Debug|Any CPU.Build.0 = Debug|Any CPU
		{C8767103-B338-45CD-9D35-BA429F2402B5}.Debug|x64.ActiveCfg = Debug|Any CPU
		{C8767103-B338-45CD-9D35-BA429F2402B5}.Debug|x64.Build.0 = Debug|Any CPU
		{C8767103-B338-45CD-9D35-BA429F2402B5}.Debug|x86.ActiveCfg = Debug|Any CPU
		{C8767103-B338-45CD-9D35-BA429F2402B5}.Debug|x86.Build.0 = Debug|Any CPU
		{C8767103-B338-45CD-9D35-BA429F2402B5}.Release|Any CPU.ActiveCfg = Release|Any CPU
		{C8767103-B338-45CD-9D35-BA429F2402B5}.Release|Any CPU.Build.0 = Release|Any CPU
		{C8767103-B338-45CD-9D35-BA429F2402B5}.Release|x64.ActiveCfg = Release|Any CPU
		{C8767103-B338-45CD-9D35-BA429F2402B5}.Release|x64.Build.0 = Release|Any CPU
		{C8767103-B338-45CD-9D35-BA429F2402B5}.Release|x86.ActiveCfg = Release|Any CPU
		{C8767103-B338-45CD-9D35-BA429F2402B5}.Release|x86.Build.0 = Release|Any CPU
		{E899E73A-4CB4-42CE-946C-55E888FD4246}.Debug|Any CPU.ActiveCfg = Debug|Any CPU
		{E899E73A-4CB4-42CE-946C-55E888FD4246}.Debug|Any CPU.Build.0 = Debug|Any CPU
		{E899E73A-4CB4-42CE-946C-55E888FD4246}.Debug|x64.ActiveCfg = Debug|Any CPU
		{E899E73A-4CB4-42CE-946C-55E888FD4246}.Debug|x64.Build.0 = Debug|Any CPU
		{E899E73A-4CB4-42CE-946C-55E888FD4246}.Debug|x86.ActiveCfg = Debug|Any CPU
		{E899E73A-4CB4-42CE-946C-55E888FD4246}.Debug|x86.Build.0 = Debug|Any CPU
		{E899E73A-4CB4-42CE-946C-55E888FD4246}.Release|Any CPU.ActiveCfg = Release|Any CPU
		{E899E73A-4CB4-42CE-946C-55E888FD4246}.Release|Any CPU.Build.0 = Release|Any CPU
		{E899E73A-4CB4-42CE-946C-55E888FD4246}.Release|x64.ActiveCfg = Release|Any CPU
		{E899E73A-4CB4-42CE-946C-55E888FD4246}.Release|x64.Build.0 = Release|Any CPU
		{E899E73A-4CB4-42CE-946C-55E888FD4246}.Release|x86.ActiveCfg = Release|Any CPU
		{E899E73A-4CB4-42CE-946C-55E888FD4246}.Release|x86.Build.0 = Release|Any CPU
		{474C501A-E5E2-4614-A90C-270127DA6A47}.Debug|Any CPU.ActiveCfg = Debug|Any CPU
		{474C501A-E5E2-4614-A90C-270127DA6A47}.Debug|Any CPU.Build.0 = Debug|Any CPU
		{474C501A-E5E2-4614-A90C-270127DA6A47}.Debug|x64.ActiveCfg = Debug|Any CPU
		{474C501A-E5E2-4614-A90C-270127DA6A47}.Debug|x64.Build.0 = Debug|Any CPU
		{474C501A-E5E2-4614-A90C-270127DA6A47}.Debug|x86.ActiveCfg = Debug|Any CPU
		{474C501A-E5E2-4614-A90C-270127DA6A47}.Debug|x86.Build.0 = Debug|Any CPU
		{474C501A-E5E2-4614-A90C-270127DA6A47}.Release|Any CPU.ActiveCfg = Release|Any CPU
		{474C501A-E5E2-4614-A90C-270127DA6A47}.Release|Any CPU.Build.0 = Release|Any CPU
		{474C501A-E5E2-4614-A90C-270127DA6A47}.Release|x64.ActiveCfg = Release|Any CPU
		{474C501A-E5E2-4614-A90C-270127DA6A47}.Release|x64.Build.0 = Release|Any CPU
		{474C501A-E5E2-4614-A90C-270127DA6A47}.Release|x86.ActiveCfg = Release|Any CPU
		{474C501A-E5E2-4614-A90C-270127DA6A47}.Release|x86.Build.0 = Release|Any CPU
		{3EB93A62-A662-4069-AFB9-C1ACE9D476FD}.Debug|Any CPU.ActiveCfg = Debug|Any CPU
		{3EB93A62-A662-4069-AFB9-C1ACE9D476FD}.Debug|Any CPU.Build.0 = Debug|Any CPU
		{3EB93A62-A662-4069-AFB9-C1ACE9D476FD}.Debug|x64.ActiveCfg = Debug|Any CPU
		{3EB93A62-A662-4069-AFB9-C1ACE9D476FD}.Debug|x64.Build.0 = Debug|Any CPU
		{3EB93A62-A662-4069-AFB9-C1ACE9D476FD}.Debug|x86.ActiveCfg = Debug|Any CPU
		{3EB93A62-A662-4069-AFB9-C1ACE9D476FD}.Debug|x86.Build.0 = Debug|Any CPU
		{3EB93A62-A662-4069-AFB9-C1ACE9D476FD}.Release|Any CPU.ActiveCfg = Release|Any CPU
		{3EB93A62-A662-4069-AFB9-C1ACE9D476FD}.Release|Any CPU.Build.0 = Release|Any CPU
		{3EB93A62-A662-4069-AFB9-C1ACE9D476FD}.Release|x64.ActiveCfg = Release|Any CPU
		{3EB93A62-A662-4069-AFB9-C1ACE9D476FD}.Release|x64.Build.0 = Release|Any CPU
		{3EB93A62-A662-4069-AFB9-C1ACE9D476FD}.Release|x86.ActiveCfg = Release|Any CPU
		{3EB93A62-A662-4069-AFB9-C1ACE9D476FD}.Release|x86.Build.0 = Release|Any CPU
		{026766B7-85B4-471E-B983-17EDADF094E2}.Debug|Any CPU.ActiveCfg = Debug|Any CPU
		{026766B7-85B4-471E-B983-17EDADF094E2}.Debug|Any CPU.Build.0 = Debug|Any CPU
		{026766B7-85B4-471E-B983-17EDADF094E2}.Debug|x64.ActiveCfg = Debug|Any CPU
		{026766B7-85B4-471E-B983-17EDADF094E2}.Debug|x64.Build.0 = Debug|Any CPU
		{026766B7-85B4-471E-B983-17EDADF094E2}.Debug|x86.ActiveCfg = Debug|Any CPU
		{026766B7-85B4-471E-B983-17EDADF094E2}.Debug|x86.Build.0 = Debug|Any CPU
		{026766B7-85B4-471E-B983-17EDADF094E2}.Release|Any CPU.ActiveCfg = Release|Any CPU
		{026766B7-85B4-471E-B983-17EDADF094E2}.Release|Any CPU.Build.0 = Release|Any CPU
		{026766B7-85B4-471E-B983-17EDADF094E2}.Release|x64.ActiveCfg = Release|Any CPU
		{026766B7-85B4-471E-B983-17EDADF094E2}.Release|x64.Build.0 = Release|Any CPU
		{026766B7-85B4-471E-B983-17EDADF094E2}.Release|x86.ActiveCfg = Release|Any CPU
		{026766B7-85B4-471E-B983-17EDADF094E2}.Release|x86.Build.0 = Release|Any CPU
		{15A0BF14-AA6F-4C18-9391-3B95D4643A3B}.Debug|Any CPU.ActiveCfg = Debug|Any CPU
		{15A0BF14-AA6F-4C18-9391-3B95D4643A3B}.Debug|Any CPU.Build.0 = Debug|Any CPU
		{15A0BF14-AA6F-4C18-9391-3B95D4643A3B}.Debug|x64.ActiveCfg = Debug|Any CPU
		{15A0BF14-AA6F-4C18-9391-3B95D4643A3B}.Debug|x64.Build.0 = Debug|Any CPU
		{15A0BF14-AA6F-4C18-9391-3B95D4643A3B}.Debug|x86.ActiveCfg = Debug|Any CPU
		{15A0BF14-AA6F-4C18-9391-3B95D4643A3B}.Debug|x86.Build.0 = Debug|Any CPU
		{15A0BF14-AA6F-4C18-9391-3B95D4643A3B}.Release|Any CPU.ActiveCfg = Release|Any CPU
		{15A0BF14-AA6F-4C18-9391-3B95D4643A3B}.Release|Any CPU.Build.0 = Release|Any CPU
		{15A0BF14-AA6F-4C18-9391-3B95D4643A3B}.Release|x64.ActiveCfg = Release|Any CPU
		{15A0BF14-AA6F-4C18-9391-3B95D4643A3B}.Release|x64.Build.0 = Release|Any CPU
		{15A0BF14-AA6F-4C18-9391-3B95D4643A3B}.Release|x86.ActiveCfg = Release|Any CPU
		{15A0BF14-AA6F-4C18-9391-3B95D4643A3B}.Release|x86.Build.0 = Release|Any CPU
	EndGlobalSection
	GlobalSection(SolutionProperties) = preSolution
		HideSolutionNode = FALSE
	EndGlobalSection
EndGlobal
